
Microsoft Visual Studio Solution File, Format Version 12.00
# Visual Studio 15
VisualStudioVersion = 15.0.27703.2047
MinimumVisualStudioVersion = 10.0.40219.1
Project("{FAE04EC0-301F-11D3-BF4B-00C04F79EFBC}") = "VSTSWorkItemShortcut", "VSTSWorkItemShortcut\VSTSWorkItemShortcut.csproj", "{86CF4B04-BE0F-4F81-A2FB-3C281D1FFC01}"
EndProject
Global
	GlobalSection(SolutionConfigurationPlatforms) = preSolution
		Debug|Any CPU = Debug|Any CPU
		Release|Any CPU = Release|Any CPU
	EndGlobalSection
	GlobalSection(ProjectConfigurationPlatforms) = postSolution
		{86CF4B04-BE0F-4F81-A2FB-3C281D1FFC01}.Debug|Any CPU.ActiveCfg = Debug|Any CPU
		{86CF4B04-BE0F-4F81-A2FB-3C281D1FFC01}.Debug|Any CPU.Build.0 = Debug|Any CPU
		{86CF4B04-BE0F-4F81-A2FB-3C281D1FFC01}.Release|Any CPU.ActiveCfg = Release|Any CPU
		{86CF4B04-BE0F-4F81-A2FB-3C281D1FFC01}.Release|Any CPU.Build.0 = Release|Any CPU
	EndGlobalSection
	GlobalSection(SolutionProperties) = preSolution
		HideSolutionNode = FALSE
	EndGlobalSection
	GlobalSection(ExtensibilityGlobals) = postSolution
		SolutionGuid = {F49AF211-202E-4617-B481-7987FFE8D8E9}
	EndGlobalSection
EndGlobal
